
Microsoft Visual Studio Solution File, Format Version 12.00
# Visual Studio 2013
Project("{2150E333-8FDC-42A3-9474-1A3956D46DE8}") = "Engine", "Engine", "{196FF95D-4BA3-4C59-9E98-8D731F2E4838}"
EndProject
Project("{2150E333-8FDC-42A3-9474-1A3956D46DE8}") = "Games", "Games", "{69FEDC67-83CC-4026-B0C7-3C0CBBBF48B4}"
EndProject
Project("{8BC9CEB8-8B4A-11D0-8D11-00A0C91BC942}") = "ProjectMage", "Intermediate\ProjectFiles\ProjectMage.vcxproj", "{227EE17C-2050-4932-9F85-79DD9E2E752C}"
	ProjectSection(ProjectDependencies) = postProject
	EndProjectSection
EndProject
Project("{8BC9CEB8-8B4A-11D0-8D11-00A0C91BC942}") = "UE4", "Intermediate\ProjectFiles\UE4.vcxproj", "{70797625-8A53-4650-8E6C-13F71C87C71E}"
EndProject
Global
	GlobalSection(SolutionConfigurationPlatforms) = preSolution
		DebugGame Editor|Windows = DebugGame Editor|Windows
		DebugGame|Windows = DebugGame|Windows
		Development Editor|Windows = Development Editor|Windows
		Development|Windows = Development|Windows
		Shipping|Windows = Shipping|Windows
	EndGlobalSection
	GlobalSection(ProjectConfigurationPlatforms) = postSolution
		{227EE17C-2050-4932-9F85-79DD9E2E752C}.DebugGame Editor|Windows.ActiveCfg = DebugGame_Editor|x64
		{227EE17C-2050-4932-9F85-79DD9E2E752C}.DebugGame Editor|Windows.Build.0 = DebugGame_Editor|x64
		{227EE17C-2050-4932-9F85-79DD9E2E752C}.DebugGame|Windows.ActiveCfg = DebugGame_Game|x64
		{227EE17C-2050-4932-9F85-79DD9E2E752C}.DebugGame|Windows.Build.0 = DebugGame_Game|x64
		{227EE17C-2050-4932-9F85-79DD9E2E752C}.Development Editor|Windows.ActiveCfg = Development_Editor|x64
		{227EE17C-2050-4932-9F85-79DD9E2E752C}.Development Editor|Windows.Build.0 = Development_Editor|x64
		{227EE17C-2050-4932-9F85-79DD9E2E752C}.Development|Windows.ActiveCfg = Development_Game|x64
		{227EE17C-2050-4932-9F85-79DD9E2E752C}.Development|Windows.Build.0 = Development_Game|x64
		{227EE17C-2050-4932-9F85-79DD9E2E752C}.Shipping|Windows.ActiveCfg = Shipping_Game|Win32
		{227EE17C-2050-4932-9F85-79DD9E2E752C}.Shipping|Windows.Build.0 = Shipping_Game|Win32
	EndGlobalSection
	GlobalSection(SolutionProperties) = preSolution
		HideSolutionNode = FALSE
	EndGlobalSection
	GlobalSection(NestedProjects) = preSolution
		{70797625-8A53-4650-8E6C-13F71C87C71E} = {196FF95D-4BA3-4C59-9E98-8D731F2E4838}
		{227EE17C-2050-4932-9F85-79DD9E2E752C} = {69FEDC67-83CC-4026-B0C7-3C0CBBBF48B4}
	EndGlobalSection
EndGlobal
